{
  "name": "projects",
  "requires": true,
  "lockfileVersion": 1,
  "dependencies": {
    "assertion-error": {
      "version": "1.1.0",
      "resolved": "https://registry.npmjs.org/assertion-error/-/assertion-error-1.1.0.tgz",
      "integrity": "sha512-jgsaNduz+ndvGyFt3uSuWqvy4lCnIJiovtouQN5JZHOKCS2QuhEdbcQHFhVksz2N2U9hXJo8odG7ETyWlEeuDw==",
      "dev": true
    },
    "chai": {
      "version": "4.1.2",
      "resolved": "https://registry.npmjs.org/chai/-/chai-4.1.2.tgz",
      "integrity": "sha1-D2RYS6ZC8PKs4oBiefTwbKI61zw=",
      "dev": true,
      "requires": {
        "assertion-error": "1.1.0",
        "check-error": "1.0.2",
        "deep-eql": "3.0.1",
        "get-func-name": "2.0.0",
        "pathval": "1.1.0",
        "type-detect": "4.0.8"
      }
    },
    "check-error": {
      "version": "1.0.2",
      "resolved": "https://registry.npmjs.org/check-error/-/check-error-1.0.2.tgz",
      "integrity": "sha1-V00xLt2Iu13YkS6Sht1sCu1KrII=",
      "dev": true
    },
    "deep-eql": {
      "version": "3.0.1",
      "resolved": "https://registry.npmjs.org/deep-eql/-/deep-eql-3.0.1.tgz",
      "integrity": "sha512-+QeIQyN5ZuO+3Uk5DYh6/1eKO0m0YmJFGNmFHGACpf1ClL1nmlV/p4gNgbl2pJGxgXb4faqo6UE+M5ACEMyVcw==",
      "dev": true,
      "requires": {
        "type-detect": "4.0.8"
      }
    },
    "get-func-name": {
      "version": "2.0.0",
      "resolved": "https://registry.npmjs.org/get-func-name/-/get-func-name-2.0.0.tgz",
      "integrity": "sha1-6td0q+5y4gQJQzoGY2YCPdaIekE=",
      "dev": true
    },
    "hoist-non-react-statics": {
      "version": "2.5.5",
      "resolved": "https://registry.npmjs.org/hoist-non-react-statics/-/hoist-non-react-statics-2.5.5.tgz",
      "integrity": "sha512-rqcy4pJo55FTTLWt+bU8ukscqHeE/e9KWvsOW2b/a3afxQZhwkQdT1rPPCJ0rYXdj4vNcasY8zHTH+jF/qStxw==",
      "dev": true
    },
    "js-tokens": {
      "version": "4.0.0",
      "resolved": "https://registry.npmjs.org/js-tokens/-/js-tokens-4.0.0.tgz",
      "integrity": "sha512-RdJUflcE3cUzKiMqQgsCu06FPu9UdIJO0beYbPhHN4k6apgJtifcoCtT9bcxOpYBtpD2kCM6Sbzg4CausW/PKQ==",
      "dev": true
    },
    "loose-envify": {
      "version": "1.4.0",
      "resolved": "https://registry.npmjs.org/loose-envify/-/loose-envify-1.4.0.tgz",
      "integrity": "sha512-lyuxPGr/Wfhrlem2CL/UcnUc1zcqKAImBDzukY7Y5F/yQiNdko6+fRLevlw1HgMySw7f611UIY408EtxRSoK3Q==",
      "dev": true,
      "requires": {
        "js-tokens": "4.0.0"
      }
    },
    "mobx": {
      "version": "5.1.0",
      "resolved": "https://registry.npmjs.org/mobx/-/mobx-5.1.0.tgz",
      "integrity": "sha512-cQzBmF2gbpcBR2xKwt5jZx0ncDMC9Hg5nYrp3Krv0qHH4GFqWZyR+ZLkRJRcvVF4rqxpy2G96Qbk5YzyQ8tdXw==",
      "dev": true
    },
    "mobx-react": {
      "version": "5.2.6",
      "resolved": "https://registry.npmjs.org/mobx-react/-/mobx-react-5.2.6.tgz",
      "integrity": "sha512-AGo3m/ICzN2SEbtNi8ZdF1ShDcAOnEKonZFc3mm8uuF2obDXg6rXqV5mtkr9ZHPYizGp51kT/vRg0TlGzok+CA==",
      "dev": true,
      "requires": {
        "hoist-non-react-statics": "2.5.5",
        "react-lifecycles-compat": "3.0.4"
      }
    },
    "object-assign": {
      "version": "4.1.1",
      "resolved": "https://registry.npmjs.org/object-assign/-/object-assign-4.1.1.tgz",
      "integrity": "sha1-IQmtx5ZYh8/AXLvUQsrIv7s2CGM=",
      "dev": true
    },
    "pathval": {
      "version": "1.1.0",
      "resolved": "https://registry.npmjs.org/pathval/-/pathval-1.1.0.tgz",
      "integrity": "sha1-uULm1L3mUwBe9rcTYd74cn0GReA=",
      "dev": true
    },
    "prop-types": {
      "version": "15.6.2",
      "resolved": "https://registry.npmjs.org/prop-types/-/prop-types-15.6.2.tgz",
      "integrity": "sha512-3pboPvLiWD7dkI3qf3KbUe6hKFKa52w+AE0VCqECtf+QHAKgOL37tTaNCnuX1nAAQ4ZhyP+kYVKf8rLmJ/feDQ==",
      "dev": true,
      "requires": {
        "loose-envify": "1.4.0",
        "object-assign": "4.1.1"
      }
    },
    "react": {
      "version": "16.5.0",
      "resolved": "https://registry.npmjs.org/react/-/react-16.5.0.tgz",
      "integrity": "sha512-nw/yB/L51kA9PsAy17T1JrzzGRk+BlFCJwFF7p+pwVxgqwPjYNeZEkkH7LXn9dmflolrYMXLWMTkQ77suKPTNQ==",
      "dev": true,
      "requires": {
        "loose-envify": "1.4.0",
        "object-assign": "4.1.1",
        "prop-types": "15.6.2",
        "schedule": "0.3.0"
      }
    },
    "react-dom": {
      "version": "16.5.0",
      "resolved": "https://registry.npmjs.org/react-dom/-/react-dom-16.5.0.tgz",
      "integrity": "sha512-qgsQdjFH54pQ1AGLCBKsqjPxib4Pnp+cOsNxGPlkHn5YnsSt43sBvHSif6FheY7NMMS6HPeSJOxXf6ECanjacA==",
      "dev": true,
      "requires": {
        "loose-envify": "1.4.0",
        "object-assign": "4.1.1",
        "prop-types": "15.6.2",
        "schedule": "0.3.0"
      }
    },
    "react-lifecycles-compat": {
      "version": "3.0.4",
      "resolved": "https://registry.npmjs.org/react-lifecycles-compat/-/react-lifecycles-compat-3.0.4.tgz",
      "integrity": "sha512-fBASbA6LnOU9dOU2eW7aQ8xmYBSXUIWr+UmF9b1efZBazGNO+rcXT/icdKnYm2pTwcRylVUYwW7H1PHfLekVzA==",
      "dev": true
    },
    "schedule": {
      "version": "0.3.0",
      "resolved": "https://registry.npmjs.org/schedule/-/schedule-0.3.0.tgz",
      "integrity": "sha512-20+1KVo517sR7Nt+bYBN8a+bEJDKLPEx7Ohtts1kX05E4/HY53YUNuhfkVNItmWAnBYHcpG9vsd2/CJxG+aPCQ==",
      "dev": true,
      "requires": {
        "object-assign": "4.1.1"
      }
    },
    "type-detect": {
      "version": "4.0.8",
      "resolved": "https://registry.npmjs.org/type-detect/-/type-detect-4.0.8.tgz",
      "integrity": "sha512-0fr/mIH1dlO+x7TlcMy+bIDqKPsw/70tVyeHW787goQjhmqaZe10uwLujubK9q9Lg6Fiho1KUKDYz0Z7k7g5/g==",
      "dev": true
    }
  }
}
